
Microsoft Visual Studio Solution File, Format Version 12.00
# Visual Studio Version 17
VisualStudioVersion = 17.2.32616.157
MinimumVisualStudioVersion = 10.0.40219.1
Project("{FAE04EC0-301F-11D3-BF4B-00C04F79EFBC}") = "NUnitTestProj", "NUnitTestProj\NUnitTestProj.csproj", "{3D0D0617-3CAC-4746-98D7-F614D298080B}"
EndProject
Global
	GlobalSection(SolutionConfigurationPlatforms) = preSolution
		Debug|Any CPU = Debug|Any CPU
		Release|Any CPU = Release|Any CPU
	EndGlobalSection
	GlobalSection(ProjectConfigurationPlatforms) = postSolution
		{3D0D0617-3CAC-4746-98D7-F614D298080B}.Debug|Any CPU.ActiveCfg = Debug|Any CPU
		{3D0D0617-3CAC-4746-98D7-F614D298080B}.Debug|Any CPU.Build.0 = Debug|Any CPU
		{3D0D0617-3CAC-4746-98D7-F614D298080B}.Release|Any CPU.ActiveCfg = Release|Any CPU
		{3D0D0617-3CAC-4746-98D7-F614D298080B}.Release|Any CPU.Build.0 = Release|Any CPU
	EndGlobalSection
	GlobalSection(SolutionProperties) = preSolution
		HideSolutionNode = FALSE
	EndGlobalSection
	GlobalSection(ExtensibilityGlobals) = postSolution
		SolutionGuid = {C49EA67F-873E-4917-AAB2-3C027A6CD3D2}
	EndGlobalSection
EndGlobal
